
Microsoft Visual Studio Solution File, Format Version 12.00
# Visual Studio Version 16
VisualStudioVersion = 25.0.1705.2
MinimumVisualStudioVersion = 10.0.40219.1
Project("{FAE04EC0-301F-11D3-BF4B-00C04F79EFBC}") = "tpmodul6_1302210046", "tpmodul6_1302210046\tpmodul6_1302210046.csproj", "{F92ABEA3-8AC6-440C-855B-2DD619D13699}"
EndProject
Global
	GlobalSection(SolutionConfigurationPlatforms) = preSolution
		Debug|Any CPU = Debug|Any CPU
		Release|Any CPU = Release|Any CPU
	EndGlobalSection
	GlobalSection(ProjectConfigurationPlatforms) = postSolution
		{F92ABEA3-8AC6-440C-855B-2DD619D13699}.Debug|Any CPU.ActiveCfg = Debug|Any CPU
		{F92ABEA3-8AC6-440C-855B-2DD619D13699}.Debug|Any CPU.Build.0 = Debug|Any CPU
		{F92ABEA3-8AC6-440C-855B-2DD619D13699}.Release|Any CPU.ActiveCfg = Release|Any CPU
		{F92ABEA3-8AC6-440C-855B-2DD619D13699}.Release|Any CPU.Build.0 = Release|Any CPU
	EndGlobalSection
	GlobalSection(SolutionProperties) = preSolution
		HideSolutionNode = FALSE
	EndGlobalSection
	GlobalSection(ExtensibilityGlobals) = postSolution
		SolutionGuid = {BC5AB04B-5A72-4D9B-80A0-091A8F900BD8}
	EndGlobalSection
EndGlobal
